
Microsoft Visual Studio Solution File, Format Version 12.00
# Visual Studio Version 16
VisualStudioVersion = 16.0.28803.202
MinimumVisualStudioVersion = 10.0.40219.1
Project("{9A19103F-16F7-4668-BE54-9A1E7A4F7556}") = "FullStack.Web", "src\FullStack.Web\FullStack.Web.csproj", "{4398C7B8-E348-4640-9FF2-C5CF7C1B2221}"
EndProject
Project("{FAE04EC0-301F-11D3-BF4B-00C04F79EFBC}") = "FullStack.Contracts", "src\FullStack.Contracts\FullStack.Contracts.csproj", "{C3ABC42B-9212-4BE8-85A1-7AAA923238B8}"
EndProject
Project("{FAE04EC0-301F-11D3-BF4B-00C04F79EFBC}") = "FullStack.Functions", "src\FullStack.Functions\FullStack.Functions.csproj", "{B8183F55-27E1-4DF3-BB93-54CB794A7D99}"
EndProject
Global
	GlobalSection(SolutionConfigurationPlatforms) = preSolution
		Debug|Any CPU = Debug|Any CPU
		Release|Any CPU = Release|Any CPU
	EndGlobalSection
	GlobalSection(ProjectConfigurationPlatforms) = postSolution
		{4398C7B8-E348-4640-9FF2-C5CF7C1B2221}.Debug|Any CPU.ActiveCfg = Debug|Any CPU
		{4398C7B8-E348-4640-9FF2-C5CF7C1B2221}.Debug|Any CPU.Build.0 = Debug|Any CPU
		{4398C7B8-E348-4640-9FF2-C5CF7C1B2221}.Release|Any CPU.ActiveCfg = Release|Any CPU
		{4398C7B8-E348-4640-9FF2-C5CF7C1B2221}.Release|Any CPU.Build.0 = Release|Any CPU
		{C3ABC42B-9212-4BE8-85A1-7AAA923238B8}.Debug|Any CPU.ActiveCfg = Debug|Any CPU
		{C3ABC42B-9212-4BE8-85A1-7AAA923238B8}.Debug|Any CPU.Build.0 = Debug|Any CPU
		{C3ABC42B-9212-4BE8-85A1-7AAA923238B8}.Release|Any CPU.ActiveCfg = Release|Any CPU
		{C3ABC42B-9212-4BE8-85A1-7AAA923238B8}.Release|Any CPU.Build.0 = Release|Any CPU
		{B8183F55-27E1-4DF3-BB93-54CB794A7D99}.Debug|Any CPU.ActiveCfg = Debug|Any CPU
		{B8183F55-27E1-4DF3-BB93-54CB794A7D99}.Debug|Any CPU.Build.0 = Debug|Any CPU
		{B8183F55-27E1-4DF3-BB93-54CB794A7D99}.Release|Any CPU.ActiveCfg = Release|Any CPU
		{B8183F55-27E1-4DF3-BB93-54CB794A7D99}.Release|Any CPU.Build.0 = Release|Any CPU
	EndGlobalSection
	GlobalSection(SolutionProperties) = preSolution
		HideSolutionNode = FALSE
	EndGlobalSection
	GlobalSection(ExtensibilityGlobals) = postSolution
		SolutionGuid = {37717D2D-CCA7-4005-B2DC-4B45E39FB09D}
	EndGlobalSection
EndGlobal
